
Microsoft Visual Studio Solution File, Format Version 12.00
# Visual Studio Version 17
VisualStudioVersion = 17.9.34728.123
MinimumVisualStudioVersion = 10.0.40219.1
Project("{FAE04EC0-301F-11D3-BF4B-00C04F79EFBC}") = "WebMvCMySql", "WebMvCMySql\WebMvCMySql.csproj", "{E85A2B0C-A25A-4A99-B79C-3FAB14EEC9DF}"
EndProject
Global
	GlobalSection(SolutionConfigurationPlatforms) = preSolution
		Debug|Any CPU = Debug|Any CPU
		Release|Any CPU = Release|Any CPU
	EndGlobalSection
	GlobalSection(ProjectConfigurationPlatforms) = postSolution
		{E85A2B0C-A25A-4A99-B79C-3FAB14EEC9DF}.Debug|Any CPU.ActiveCfg = Debug|Any CPU
		{E85A2B0C-A25A-4A99-B79C-3FAB14EEC9DF}.Debug|Any CPU.Build.0 = Debug|Any CPU
		{E85A2B0C-A25A-4A99-B79C-3FAB14EEC9DF}.Release|Any CPU.ActiveCfg = Release|Any CPU
		{E85A2B0C-A25A-4A99-B79C-3FAB14EEC9DF}.Release|Any CPU.Build.0 = Release|Any CPU
	EndGlobalSection
	GlobalSection(SolutionProperties) = preSolution
		HideSolutionNode = FALSE
	EndGlobalSection
	GlobalSection(ExtensibilityGlobals) = postSolution
		SolutionGuid = {261B5BCC-3B62-4321-9F67-A0CC4A2D468A}
	EndGlobalSection
EndGlobal
